[
  {
    "slug": "agent",
    "path": "site/assets/gib/agent.svg",
    "sha256": "d169ec98115b814d4543e0eda9c39f9980bee8524d15612c547a921937522ffc"
  },
  {
    "slug": "commons",
    "path": "site/assets/gib/commons.svg",
    "sha256": "6673d648bb8f2ac04d3f5de4fb6a98ab63c4f84405351059f93ffdc5a37babff"
  },
  {
    "slug": "concord",
    "path": "site/assets/gib/concord.svg",
    "sha256": "bf63b34ffa8cfbd68e843824b958dc7e10d665d8c14fd277d09af9768b041a80"
  },
  {
    "slug": "consent",
    "path": "site/assets/gib/consent.svg",
    "sha256": "2345a3c3c64176c5c47eedf8767f3c051da9d6406115f89ccd1ec0758ff05f0b"
  },
  {
    "slug": "covenant",
    "path": "site/assets/gib/covenant.svg",
    "sha256": "e2ffc1af5701060c964ed0f8f95f070be5ce6f25628786f9f3072810a8eef8ba"
  },
  {
    "slug": "evidence",
    "path": "site/assets/gib/evidence.svg",
    "sha256": "4b7d6ad541b94d06e9afeb45855872f489690742d07717fa904c9e0eae7511e7"
  },
  {
    "slug": "forkrejoin",
    "path": "site/assets/gib/forkrejoin.svg",
    "sha256": "cfdb4cac2b92779a9803dd1e82f760e7e8557c8a99644872e61ac5ede4004d81"
  },
  {
    "slug": "interop",
    "path": "site/assets/gib/interop.svg",
    "sha256": "e173e378915e11266f0eaad1200ff716a608042315894805fbd8631aadd71814"
  },
  {
    "slug": "oath",
    "path": "site/assets/gib/oath.svg",
    "sha256": "1004911a2e8eee5974476b48b9c136413221603efba898f020aadc126385cb19"
  },
  {
    "slug": "pluralism",
    "path": "site/assets/gib/pluralism.svg",
    "sha256": "594a3479d03d5f1f718dbe3cc4b059bdf18810b2a833e5041118e03f8d0b2cbf"
  },
  {
    "slug": "rollback",
    "path": "site/assets/gib/rollback.svg",
    "sha256": "7db8043bcb6a39ecb64085a018dd5590fb882684c86fd9e54e005c784d13f713"
  },
  {
    "slug": "sentry",
    "path": "site/assets/gib/sentry.svg",
    "sha256": "ba865f5d0bf03afa2600f89899875d09c67042a153b9174789842bf2ebcbd96e"
  }
]
