[
  {
    "slug": "agent",
    "path": "site/assets/gib/agent.svg",
    "sha256": "949f40a283337512c2811563a96ca68bf25a76aab97ff7ca5c7bd134bef40a79"
  },
  {
    "slug": "commons",
    "path": "site/assets/gib/commons.svg",
    "sha256": "d83dba98ef3fea089bcf5b08328390c9b4b04f4d0ed3b5c01bfd865f6bef4cad"
  },
  {
    "slug": "concord",
    "path": "site/assets/gib/concord.svg",
    "sha256": "2782c60220d1dc614521414294b21f417c05122269c6eecd54f6967ed56d51ba"
  },
  {
    "slug": "consent",
    "path": "site/assets/gib/consent.svg",
    "sha256": "281aacff3e70e0c52519a966b71304d6e08ca0c6aedb065a15356f0343f2b079"
  },
  {
    "slug": "covenant",
    "path": "site/assets/gib/covenant.svg",
    "sha256": "3be6c097163962d0732d01ff8db97f41a2d5e569eca8aaf20e3ef6c7842da9e8"
  },
  {
    "slug": "evidence",
    "path": "site/assets/gib/evidence.svg",
    "sha256": "4a0ece44d0a389c73886a74a23e38e12248680c6f23a82c1ab79a78407c4c664"
  },
  {
    "slug": "forkrejoin",
    "path": "site/assets/gib/forkrejoin.svg",
    "sha256": "2a026ae6687609696b04906d459f5e9e30416373b137db016e9bd19b04d2d91d"
  },
  {
    "slug": "interop",
    "path": "site/assets/gib/interop.svg",
    "sha256": "70787c2b3039fe1ad69e287284cff1c50aa64315021ea5799bdd2429aa67e4ff"
  },
  {
    "slug": "oath",
    "path": "site/assets/gib/oath.svg",
    "sha256": "ff7bd27adb1702fb097c63e3c6a148b6fcc59f5e48334b10afceb6c8e37e7ce6"
  },
  {
    "slug": "pluralism",
    "path": "site/assets/gib/pluralism.svg",
    "sha256": "79f5e942376cc7155729162c774a328b393af8f79484ff0540efd411d928f68b"
  },
  {
    "slug": "rollback",
    "path": "site/assets/gib/rollback.svg",
    "sha256": "fa5a739a029217edb7bd3a47199295de597681761c707ceac9a18c97f7a8b253"
  },
  {
    "slug": "sentry",
    "path": "site/assets/gib/sentry.svg",
    "sha256": "d5fb3811edd40a8c77105b4c0e59bf67f8486b0270d3267a621192ede8b70e55"
  }
]
